// !$*UTF8*$!
{
	archiveVersion = 1;
	classes = {
	};
	objectVersion = 46;
	objects = {

/* Begin PBXBuildFile section */
		3C2D4AD71C620ADB00334B21 /* UITextField+InputValidation.swift in Sources */ = {isa = PBXBuildFile; fileRef = 3C2D4AD61C620ADB00334B21 /* UITextField+InputValidation.swift */; };
		3CA0AA4E1C43C4CE00ACBACA /* SettingsTableViewController.swift in Sources */ = {isa = PBXBuildFile; fileRef = 3CA0AA4D1C43C4CE00ACBACA /* SettingsTableViewController.swift */; };
		3CA0AA501C43C4F600ACBACA /* Settings.swift in Sources */ = {isa = PBXBuildFile; fileRef = 3CA0AA4F1C43C4F600ACBACA /* Settings.swift */; };
		3CC05D381C348DE00051E588 /* AppDelegate.swift in Sources */ = {isa = PBXBuildFile; fileRef = 3CC05D371C348DE00051E588 /* AppDelegate.swift */; };
		3CC05D3A1C348DE00051E588 /* ViewController.swift in Sources */ = {isa = PBXBuildFile; fileRef = 3CC05D391C348DE00051E588 /* ViewController.swift */; };
		3CC05D3D1C348DE00051E588 /* Main.storyboard in Resources */ = {isa = PBXBuildFile; fileRef = 3CC05D3B1C348DE00051E588 /* Main.storyboard */; };
		3CC05D3F1C348DE00051E588 /* Assets.xcassets in Resources */ = {isa = PBXBuildFile; fileRef = 3CC05D3E1C348DE00051E588 /* Assets.xcassets */; };
		3CC05D421C348DE00051E588 /* LaunchScreen.storyboard in Resources */ = {isa = PBXBuildFile; fileRef = 3CC05D401C348DE00051E588 /* LaunchScreen.storyboard */; };
		3CC6D2D31C35697100CA1B15 /* OBDII.swift in Sources */ = {isa = PBXBuildFile; fileRef = 3CC6D2CE1C35697100CA1B15 /* OBDII.swift */; };
		3CC6D2D41C35697100CA1B15 /* OBDIIPID.swift in Sources */ = {isa = PBXBuildFile; fileRef = 3CC6D2CF1C35697100CA1B15 /* OBDIIPID.swift */; };
		3CC6D2D51C35697100CA1B15 /* Array+Remove.swift in Sources */ = {isa = PBXBuildFile; fileRef = 3CC6D2D11C35697100CA1B15 /* Array+Remove.swift */; };
		3CC6D2D61C35697100CA1B15 /* String+Split.swift in Sources */ = {isa = PBXBuildFile; fileRef = 3CC6D2D21C35697100CA1B15 /* String+Split.swift */; };
		3CF642BB1C5D2C6D00041800 /* AVKit.framework in Frameworks */ = {isa = PBXBuildFile; fileRef = 3CF642BA1C5D2C6D00041800 /* AVKit.framework */; };
		74B60F8EF2EC099E59A3A164 /* Pods.framework in Frameworks */ = {isa = PBXBuildFile; fileRef = 6E279179DDA2B837459D7B04 /* Pods.framework */; settings = {ATTRIBUTES = (Weak, ); }; };
/* End PBXBuildFile section */

/* Begin PBXFileReference section */
		3C2D4AD61C620ADB00334B21 /* UITextField+InputValidation.swift */ = {isa = PBXFileReference; fileEncoding = 4; lastKnownFileType = sourcecode.swift; path = "UITextField+InputValidation.swift"; sourceTree = "<group>"; };
		3CA0AA4D1C43C4CE00ACBACA /* SettingsTableViewController.swift */ = {isa = PBXFileReference; fileEncoding = 4; lastKnownFileType = sourcecode.swift; path = SettingsTableViewController.swift; sourceTree = "<group>"; };
		3CA0AA4F1C43C4F600ACBACA /* Settings.swift */ = {isa = PBXFileReference; fileEncoding = 4; lastKnownFileType = sourcecode.swift; path = Settings.swift; sourceTree = "<group>"; };
		3CC05D341C348DE00051E588 /* Vehicle-Instruments.app */ = {isa = PBXFileReference; explicitFileType = wrapper.application; includeInIndex = 0; path = "Vehicle-Instruments.app"; sourceTree = BUILT_PRODUCTS_DIR; };
		3CC05D371C348DE00051E588 /* AppDelegate.swift */ = {isa = PBXFileReference; lastKnownFileType = sourcecode.swift; path = AppDelegate.swift; sourceTree = "<group>"; };
		3CC05D391C348DE00051E588 /* ViewController.swift */ = {isa = PBXFileReference; lastKnownFileType = sourcecode.swift; path = ViewController.swift; sourceTree = "<group>"; };
		3CC05D3C1C348DE00051E588 /* Base */ = {isa = PBXFileReference; lastKnownFileType = file.storyboard; name = Base; path = Base.lproj/Main.storyboard; sourceTree = "<group>"; };
		3CC05D3E1C348DE00051E588 /* Assets.xcassets */ = {isa = PBXFileReference; lastKnownFileType = folder.assetcatalog; path = Assets.xcassets; sourceTree = "<group>"; };
		3CC05D411C348DE00051E588 /* Base */ = {isa = PBXFileReference; lastKnownFileType = file.storyboard; name = Base; path = Base.lproj/LaunchScreen.storyboard; sourceTree = "<group>"; };
		3CC05D431C348DE00051E588 /* Info.plist */ = {isa = PBXFileReference; lastKnownFileType = text.plist.xml; path = Info.plist; sourceTree = "<group>"; };
		3CC6D2CE1C35697100CA1B15 /* OBDII.swift */ = {isa = PBXFileReference; fileEncoding = 4; lastKnownFileType = sourcecode.swift; path = OBDII.swift; sourceTree = "<group>"; };
		3CC6D2CF1C35697100CA1B15 /* OBDIIPID.swift */ = {isa = PBXFileReference; fileEncoding = 4; lastKnownFileType = sourcecode.swift; path = OBDIIPID.swift; sourceTree = "<group>"; };
		3CC6D2D11C35697100CA1B15 /* Array+Remove.swift */ = {isa = PBXFileReference; fileEncoding = 4; lastKnownFileType = sourcecode.swift; path = "Array+Remove.swift"; sourceTree = "<group>"; };
		3CC6D2D21C35697100CA1B15 /* String+Split.swift */ = {isa = PBXFileReference; fileEncoding = 4; lastKnownFileType = sourcecode.swift; path = "String+Split.swift"; sourceTree = "<group>"; };
		3CE5AC181C64E0FC008684EE /* de */ = {isa = PBXFileReference; lastKnownFileType = text.plist.strings; name = de; path = de.lproj/Main.strings; sourceTree = "<group>"; };
		3CF642BA1C5D2C6D00041800 /* AVKit.framework */ = {isa = PBXFileReference; lastKnownFileType = wrapper.framework; name = AVKit.framework; path = System/Library/Frameworks/AVKit.framework; sourceTree = SDKROOT; };
		43D1CE0A54CECF592A290CDA /* Pods.release.xcconfig */ = {isa = PBXFileReference; includeInIndex = 1; lastKnownFileType = text.xcconfig; name = Pods.release.xcconfig; path = "Pods/Target Support Files/Pods/Pods.release.xcconfig"; sourceTree = "<group>"; };
		492A091F3722712406A68F70 /* Pods.debug.xcconfig */ = {isa = PBXFileReference; includeInIndex = 1; lastKnownFileType = text.xcconfig; name = Pods.debug.xcconfig; path = "Pods/Target Support Files/Pods/Pods.debug.xcconfig"; sourceTree = "<group>"; };
		6E279179DDA2B837459D7B04 /* Pods.framework */ = {isa = PBXFileReference; explicitFileType = wrapper.framework; includeInIndex = 0; path = Pods.framework; sourceTree = BUILT_PRODUCTS_DIR; };
/* End PBXFileReference section */

/* Begin PBXFrameworksBuildPhase section */
		3CC05D311C348DE00051E588 /* Frameworks */ = {
			isa = PBXFrameworksBuildPhase;
			buildActionMask = 2147483647;
			files = (
				3CF642BB1C5D2C6D00041800 /* AVKit.framework in Frameworks */,
				74B60F8EF2EC099E59A3A164 /* Pods.framework in Frameworks */,
			);
			runOnlyForDeploymentPostprocessing = 0;
		};
/* End PBXFrameworksBuildPhase section */

/* Begin PBXGroup section */
		0BD82E44D55F4557FFCB6A19 /* Pods */ = {
			isa = PBXGroup;
			children = (
				492A091F3722712406A68F70 /* Pods.debug.xcconfig */,
				43D1CE0A54CECF592A290CDA /* Pods.release.xcconfig */,
			);
			name = Pods;
			sourceTree = "<group>";
		};
		17968A7D32D96A3723E3929A /* Frameworks */ = {
			isa = PBXGroup;
			children = (
				3CF642BA1C5D2C6D00041800 /* AVKit.framework */,
				6E279179DDA2B837459D7B04 /* Pods.framework */,
			);
			name = Frameworks;
			sourceTree = "<group>";
		};
		3CC05D2B1C348DE00051E588 = {
			isa = PBXGroup;
			children = (
				3CC05D361C348DE00051E588 /* Vehicle-Instruments */,
				3CC05D351C348DE00051E588 /* Products */,
				0BD82E44D55F4557FFCB6A19 /* Pods */,
				17968A7D32D96A3723E3929A /* Frameworks */,
			);
			sourceTree = "<group>";
		};
		3CC05D351C348DE00051E588 /* Products */ = {
			isa = PBXGroup;
			children = (
				3CC05D341C348DE00051E588 /* Vehicle-Instruments.app */,
			);
			name = Products;
			sourceTree = "<group>";
		};
		3CC05D361C348DE00051E588 /* Vehicle-Instruments */ = {
			isa = PBXGroup;
			children = (
				3CC6D2CD1C35697100CA1B15 /* Core */,
				3CC6D2D01C35697100CA1B15 /* Utility */,
				3CC05D371C348DE00051E588 /* AppDelegate.swift */,
				3CC05D391C348DE00051E588 /* ViewController.swift */,
				3CC05D3B1C348DE00051E588 /* Main.storyboard */,
				3CC05D3E1C348DE00051E588 /* Assets.xcassets */,
				3CC05D401C348DE00051E588 /* LaunchScreen.storyboard */,
				3CC05D431C348DE00051E588 /* Info.plist */,
				3CA0AA4D1C43C4CE00ACBACA /* SettingsTableViewController.swift */,
				3CA0AA4F1C43C4F600ACBACA /* Settings.swift */,
			);
			path = "Vehicle-Instruments";
			sourceTree = "<group>";
		};
		3CC6D2CD1C35697100CA1B15 /* Core */ = {
			isa = PBXGroup;
			children = (
				3CC6D2CE1C35697100CA1B15 /* OBDII.swift */,
				3CC6D2CF1C35697100CA1B15 /* OBDIIPID.swift */,
			);
			path = Core;
			sourceTree = "<group>";
		};
		3CC6D2D01C35697100CA1B15 /* Utility */ = {
			isa = PBXGroup;
			children = (
				3CC6D2D11C35697100CA1B15 /* Array+Remove.swift */,
				3CC6D2D21C35697100CA1B15 /* String+Split.swift */,
				3C2D4AD61C620ADB00334B21 /* UITextField+InputValidation.swift */,
			);
			path = Utility;
			sourceTree = "<group>";
		};
/* End PBXGroup section */

/* Begin PBXNativeTarget section */
		3CC05D331C348DE00051E588 /* Vehicle-Instruments */ = {
			isa = PBXNativeTarget;
			buildConfigurationList = 3CC05D461C348DE00051E588 /* Build configuration list for PBXNativeTarget "Vehicle-Instruments" */;
			buildPhases = (
				1A68727A1C2691F41D9512EE /* Check Pods Manifest.lock */,
				3CC05D301C348DE00051E588 /* Sources */,
				3CC05D311C348DE00051E588 /* Frameworks */,
				3CC05D321C348DE00051E588 /* Resources */,
				D090DF782FE1AA45009EB536 /* Embed Pods Frameworks */,
				405411AA2CC391CE08006A2F /* Copy Pods Resources */,
			);
			buildRules = (
			);
			dependencies = (
			);
			name = "Vehicle-Instruments";
			productName = "Vehicle-Instruments";
			productReference = 3CC05D341C348DE00051E588 /* Vehicle-Instruments.app */;
			productType = "com.apple.product-type.application";
		};
/* End PBXNativeTarget section */

/* Begin PBXProject section */
		3CC05D2C1C348DE00051E588 /* Project object */ = {
			isa = PBXProject;
			attributes = {
				LastSwiftUpdateCheck = 0710;
				LastUpgradeCheck = 0710;
				ORGANIZATIONNAME = mani1337;
				TargetAttributes = {
					3CC05D331C348DE00051E588 = {
						CreatedOnToolsVersion = 7.1;
					};
				};
			};
			buildConfigurationList = 3CC05D2F1C348DE00051E588 /* Build configuration list for PBXProject "Vehicle-Instruments" */;
			compatibilityVersion = "Xcode 3.2";
			developmentRegion = English;
			hasScannedForEncodings = 0;
			knownRegions = (
				en,
				Base,
			);
			mainGroup = 3CC05D2B1C348DE00051E588;
			productRefGroup = 3CC05D351C348DE00051E588 /* Products */;
			projectDirPath = "";
			projectRoot = "";
			targets = (
				3CC05D331C348DE00051E588 /* Vehicle-Instruments */,
			);
		};
/* End PBXProject section */

/* Begin PBXResourcesBuildPhase section */
		3CC05D321C348DE00051E588 /* Resources */ = {
			isa = PBXResourcesBuildPhase;
			buildActionMask = 2147483647;
			files = (
				3CC05D421C348DE00051E588 /* LaunchScreen.storyboard in Resources */,
				3CC05D3F1C348DE00051E588 /* Assets.xcassets in Resources */,
				3CC05D3D1C348DE00051E588 /* Main.storyboard in Resources */,
			);
			runOnlyForDeploymentPostprocessing = 0;
		};
/* End PBXResourcesBuildPhase section */

/* Begin PBXShellScriptBuildPhase section */
		1A68727A1C2691F41D9512EE /* Check Pods Manifest.lock */ = {
			isa = PBXShellScriptBuildPhase;
			buildActionMask = 2147483647;
			files = (
			);
			inputPaths = (
			);
			name = "Check Pods Manifest.lock";
			outputPaths = (
			);
			runOnlyForDeploymentPostprocessing = 0;
			shellPath = /bin/sh;
			shellScript = "diff \"${PODS_ROOT}/../Podfile.lock\" \"${PODS_ROOT}/Manifest.lock\" > /dev/null\nif [[ $? != 0 ]] ; then\n    cat << EOM\nerror: The sandbox is not in sync with the Podfile.lock. Run 'pod install' or update your CocoaPods installation.\nEOM\n    exit 1\nfi\n";
			showEnvVarsInLog = 0;
		};
		405411AA2CC391CE08006A2F /* Copy Pods Resources */ = {
			isa = PBXShellScriptBuildPhase;
			buildActionMask = 2147483647;
			files = (
			);
			inputPaths = (
			);
			name = "Copy Pods Resources";
			outputPaths = (
			);
			runOnlyForDeploymentPostprocessing = 0;
			shellPath = /bin/sh;
			shellScript = "\"${SRCROOT}/Pods/Target Support Files/Pods/Pods-resources.sh\"\n";
			showEnvVarsInLog = 0;
		};
		D090DF782FE1AA45009EB536 /* Embed Pods Frameworks */ = {
			isa = PBXShellScriptBuildPhase;
			buildActionMask = 2147483647;
			files = (
			);
			inputPaths = (
			);
			name = "Embed Pods Frameworks";
			outputPaths = (
			);
			runOnlyForDeploymentPostprocessing = 0;
			shellPath = /bin/sh;
			shellScript = "\"${SRCROOT}/Pods/Target Support Files/Pods/Pods-frameworks.sh\"\n";
			showEnvVarsInLog = 0;
		};
/* End PBXShellScriptBuildPhase section */

/* Begin PBXSourcesBuildPhase section */
		3CC05D301C348DE00051E588 /* Sources */ = {
			isa = PBXSourcesBuildPhase;
			buildActionMask = 2147483647;
			files = (
				3C2D4AD71C620ADB00334B21 /* UITextField+InputValidation.swift in Sources */,
				3CC05D3A1C348DE00051E588 /* ViewController.swift in Sources */,
				3CC6D2D61C35697100CA1B15 /* String+Split.swift in Sources */,
				3CA0AA501C43C4F600ACBACA /* Settings.swift in Sources */,
				3CC6D2D51C35697100CA1B15 /* Array+Remove.swift in Sources */,
				3CC6D2D41C35697100CA1B15 /* OBDIIPID.swift in Sources */,
				3CC6D2D31C35697100CA1B15 /* OBDII.swift in Sources */,
				3CC05D381C348DE00051E588 /* AppDelegate.swift in Sources */,
				3CA0AA4E1C43C4CE00ACBACA /* SettingsTableViewController.swift in Sources */,
			);
			runOnlyForDeploymentPostprocessing = 0;
		};
/* End PBXSourcesBuildPhase section */

/* Begin PBXVariantGroup section */
		3CC05D3B1C348DE00051E588 /* Main.storyboard */ = {
			isa = PBXVariantGroup;
			children = (
				3CC05D3C1C348DE00051E588 /* Base */,
				3CE5AC181C64E0FC008684EE /* de */,
			);
			name = Main.storyboard;
			sourceTree = "<group>";
		};
		3CC05D401C348DE00051E588 /* LaunchScreen.storyboard */ = {
			isa = PBXVariantGroup;
			children = (
				3CC05D411C348DE00051E588 /* Base */,
			);
			name = LaunchScreen.storyboard;
			sourceTree = "<group>";
		};
/* End PBXVariantGroup section */

/* Begin XCBuildConfiguration section */
		3CC05D441C348DE00051E588 /* Debug */ = {
			isa = XCBuildConfiguration;
			buildSettings = {
				ALWAYS_SEARCH_USER_PATHS = NO;
				CLANG_CXX_LANGUAGE_STANDARD = "gnu++0x";
				CLANG_CXX_LIBRARY = "libc++";
				CLANG_ENABLE_MODULES = YES;
				CLANG_ENABLE_OBJC_ARC = YES;
				CLANG_WARN_BOOL_CONVERSION = YES;
				CLANG_WARN_CONSTANT_CONVERSION = YES;
				CLANG_WARN_DIRECT_OBJC_ISA_USAGE = YES_ERROR;
				CLANG_WARN_EMPTY_BODY = YES;
				CLANG_WARN_ENUM_CONVERSION = YES;
				CLANG_WARN_INT_CONVERSION = YES;
				CLANG_WARN_OBJC_ROOT_CLASS = YES_ERROR;
				CLANG_WARN_UNREACHABLE_CODE = YES;
				CLANG_WARN__DUPLICATE_METHOD_MATCH = YES;
				"CODE_SIGN_IDENTITY[sdk=iphoneos*]" = "iPhone Developer";
				COPY_PHASE_STRIP = NO;
				DEBUG_INFORMATION_FORMAT = dwarf;
				ENABLE_STRICT_OBJC_MSGSEND = YES;
				ENABLE_TESTABILITY = YES;
				GCC_C_LANGUAGE_STANDARD = gnu99;
				GCC_DYNAMIC_NO_PIC = NO;
				GCC_NO_COMMON_BLOCKS = YES;
				GCC_OPTIMIZATION_LEVEL = 0;
				GCC_PREPROCESSOR_DEFINITIONS = (
					"DEBUG=1",
					"$(inherited)",
				);
				GCC_WARN_64_TO_32_BIT_CONVERSION = YES;
				GCC_WARN_ABOUT_RETURN_TYPE = YES_ERROR;
				GCC_WARN_UNDECLARED_SELECTOR = YES;
				GCC_WARN_UNINITIALIZED_AUTOS = YES_AGGRESSIVE;
				GCC_WARN_UNUSED_FUNCTION = YES;
				GCC_WARN_UNUSED_VARIABLE = YES;
				IPHONEOS_DEPLOYMENT_TARGET = 9.1;
				MTL_ENABLE_DEBUG_INFO = YES;
				ONLY_ACTIVE_ARCH = YES;
				SDKROOT = iphoneos;
				SWIFT_OPTIMIZATION_LEVEL = "-Onone";
			};
			name = Debug;
		};
		3CC05D451C348DE00051E588 /* Release */ = {
			isa = XCBuildConfiguration;
			buildSettings = {
				ALWAYS_SEARCH_USER_PATHS = NO;
				CLANG_CXX_LANGUAGE_STANDARD = "gnu++0x";
				CLANG_CXX_LIBRARY = "libc++";
				CLANG_ENABLE_MODULES = YES;
				CLANG_ENABLE_OBJC_ARC = YES;
				CLANG_WARN_BOOL_CONVERSION = YES;
				CLANG_WARN_CONSTANT_CONVERSION = YES;
				CLANG_WARN_DIRECT_OBJC_ISA_USAGE = YES_ERROR;
				CLANG_WARN_EMPTY_BODY = YES;
				CLANG_WARN_ENUM_CONVERSION = YES;
				CLANG_WARN_INT_CONVERSION = YES;
				CLANG_WARN_OBJC_ROOT_CLASS = YES_ERROR;
				CLANG_WARN_UNREACHABLE_CODE = YES;
				CLANG_WARN__DUPLICATE_METHOD_MATCH = YES;
				"CODE_SIGN_IDENTITY[sdk=iphoneos*]" = "iPhone Developer";
				COPY_PHASE_STRIP = NO;
				DEBUG_INFORMATION_FORMAT = "dwarf-with-dsym";
				ENABLE_NS_ASSERTIONS = NO;
				ENABLE_STRICT_OBJC_MSGSEND = YES;
				GCC_C_LANGUAGE_STANDARD = gnu99;
				GCC_NO_COMMON_BLOCKS = YES;
				GCC_WARN_64_TO_32_BIT_CONVERSION = YES;
				GCC_WARN_ABOUT_RETURN_TYPE = YES_ERROR;
				GCC_WARN_UNDECLARED_SELECTOR = YES;
				GCC_WARN_UNINITIALIZED_AUTOS = YES_AGGRESSIVE;
				GCC_WARN_UNUSED_FUNCTION = YES;
				GCC_WARN_UNUSED_VARIABLE = YES;
				IPHONEOS_DEPLOYMENT_TARGET = 9.1;
				MTL_ENABLE_DEBUG_INFO = NO;
				SDKROOT = iphoneos;
				VALIDATE_PRODUCT = YES;
			};
			name = Release;
		};
		3CC05D471C348DE00051E588 /* Debug */ = {
			isa = XCBuildConfiguration;
			baseConfigurationReference = 492A091F3722712406A68F70 /* Pods.debug.xcconfig */;
			buildSettings = {
				ASSETCATALOG_COMPILER_APPICON_NAME = AppIcon;
				INFOPLIST_FILE = "Vehicle-Instruments/Info.plist";
				IPHONEOS_DEPLOYMENT_TARGET = 9.2;
				LD_RUNPATH_SEARCH_PATHS = "$(inherited) @executable_path/Frameworks";
				PRODUCT_BUNDLE_IDENTIFIER = "at.mani1337.Vehicle-Instruments";
				PRODUCT_NAME = "$(TARGET_NAME)";
				TARGETED_DEVICE_FAMILY = 1;
			};
			name = Debug;
		};
		3CC05D481C348DE00051E588 /* Release */ = {
			isa = XCBuildConfiguration;
			baseConfigurationReference = 43D1CE0A54CECF592A290CDA /* Pods.release.xcconfig */;
			buildSettings = {
				ASSETCATALOG_COMPILER_APPICON_NAME = AppIcon;
				INFOPLIST_FILE = "Vehicle-Instruments/Info.plist";
				IPHONEOS_DEPLOYMENT_TARGET = 9.2;
				LD_RUNPATH_SEARCH_PATHS = "$(inherited) @executable_path/Frameworks";
				PRODUCT_BUNDLE_IDENTIFIER = "at.mani1337.Vehicle-Instruments";
				PRODUCT_NAME = "$(TARGET_NAME)";
				TARGETED_DEVICE_FAMILY = 1;
			};
			name = Release;
		};
/* End XCBuildConfiguration section */

/* Begin XCConfigurationList section */
		3CC05D2F1C348DE00051E588 /* Build configuration list for PBXProject "Vehicle-Instruments" */ = {
			isa = XCConfigurationList;
			buildConfigurations = (
				3CC05D441C348DE00051E588 /* Debug */,
				3CC05D451C348DE00051E588 /* Release */,
			);
			defaultConfigurationIsVisible = 0;
			defaultConfigurationName = Release;
		};
		3CC05D461C348DE00051E588 /* Build configuration list for PBXNativeTarget "Vehicle-Instruments" */ = {
			isa = XCConfigurationList;
			buildConfigurations = (
				3CC05D471C348DE00051E588 /* Debug */,
				3CC05D481C348DE00051E588 /* Release */,
			);
			defaultConfigurationIsVisible = 0;
			defaultConfigurationName = Release;
		};
/* End XCConfigurationList section */
	};
	rootObject = 3CC05D2C1C348DE00051E588 /* Project object */;
}
